// !$*UTF8*$!
{
	archiveVersion = 1;
	classes = {
	};
	objectVersion = 50;
	objects = {

/* Begin PBXBuildFile section */
		7439ABA9265FB9430042B7A5 /* LandmarksApp.swift in Sources */ = {isa = PBXBuildFile; fileRef = 7439ABA8265FB9430042B7A5 /* LandmarksApp.swift */; };
		7439ABAB265FB9430042B7A5 /* ContentView.swift in Sources */ = {isa = PBXBuildFile; fileRef = 7439ABAA265FB9430042B7A5 /* ContentView.swift */; };
		7439ABAD265FB9460042B7A5 /* Assets.xcassets in Resources */ = {isa = PBXBuildFile; fileRef = 7439ABAC265FB9460042B7A5 /* Assets.xcassets */; };
		7439ABB0265FB9460042B7A5 /* Preview Assets.xcassets in Resources */ = {isa = PBXBuildFile; fileRef = 7439ABAF265FB9460042B7A5 /* Preview Assets.xcassets */; };
		7439ABBB265FB9460042B7A5 /* LandmarksTests.swift in Sources */ = {isa = PBXBuildFile; fileRef = 7439ABBA265FB9460042B7A5 /* LandmarksTests.swift */; };
		7439ABC6265FB9460042B7A5 /* LandmarksUITests.swift in Sources */ = {isa = PBXBuildFile; fileRef = 7439ABC5265FB9460042B7A5 /* LandmarksUITests.swift */; };
		7439ABD42661C1130042B7A5 /* CircleImage.swift in Sources */ = {isa = PBXBuildFile; fileRef = 7439ABD32661C1130042B7A5 /* CircleImage.swift */; };
		7439ABD62661CC240042B7A5 /* MapView.swift in Sources */ = {isa = PBXBuildFile; fileRef = 7439ABD52661CC240042B7A5 /* MapView.swift */; };
		7439ABD826628BA90042B7A5 /* landmarkData.json in Resources */ = {isa = PBXBuildFile; fileRef = 7439ABD726628BA90042B7A5 /* landmarkData.json */; };
		7439ABDA26628BEA0042B7A5 /* Landmark.swift in Sources */ = {isa = PBXBuildFile; fileRef = 7439ABD926628BEA0042B7A5 /* Landmark.swift */; };
		7439ABDC2662907A0042B7A5 /* ModelData.swift in Sources */ = {isa = PBXBuildFile; fileRef = 7439ABDB2662907A0042B7A5 /* ModelData.swift */; };
		7439ABE1266294840042B7A5 /* LandmarkRow.swift in Sources */ = {isa = PBXBuildFile; fileRef = 7439ABE0266294840042B7A5 /* LandmarkRow.swift */; };
		7439ABE32662990E0042B7A5 /* LandmarkList.swift in Sources */ = {isa = PBXBuildFile; fileRef = 7439ABE22662990E0042B7A5 /* LandmarkList.swift */; };
		7439ABE526629C300042B7A5 /* LandmarkDetail.swift in Sources */ = {isa = PBXBuildFile; fileRef = 7439ABE426629C300042B7A5 /* LandmarkDetail.swift */; };
/* End PBXBuildFile section */

/* Begin PBXContainerItemProxy section */
		7439ABB7265FB9460042B7A5 /* PBXContainerItemProxy */ = {
			isa = PBXContainerItemProxy;
			containerPortal = 7439AB9D265FB9430042B7A5 /* Project object */;
			proxyType = 1;
			remoteGlobalIDString = 7439ABA4265FB9430042B7A5;
			remoteInfo = Landmarks;
		};
		7439ABC2265FB9460042B7A5 /* PBXContainerItemProxy */ = {
			isa = PBXContainerItemProxy;
			containerPortal = 7439AB9D265FB9430042B7A5 /* Project object */;
			proxyType = 1;
			remoteGlobalIDString = 7439ABA4265FB9430042B7A5;
			remoteInfo = Landmarks;
		};
/* End PBXContainerItemProxy section */

/* Begin PBXFileReference section */
		7439ABA5265FB9430042B7A5 /* Landmarks.app */ = {isa = PBXFileReference; explicitFileType = wrapper.application; includeInIndex = 0; path = Landmarks.app; sourceTree = BUILT_PRODUCTS_DIR; };
		7439ABA8265FB9430042B7A5 /* LandmarksApp.swift */ = {isa = PBXFileReference; lastKnownFileType = sourcecode.swift; path = LandmarksApp.swift; sourceTree = "<group>"; };
		7439ABAA265FB9430042B7A5 /* ContentView.swift */ = {isa = PBXFileReference; lastKnownFileType = sourcecode.swift; path = ContentView.swift; sourceTree = "<group>"; };
		7439ABAC265FB9460042B7A5 /* Assets.xcassets */ = {isa = PBXFileReference; lastKnownFileType = folder.assetcatalog; path = Assets.xcassets; sourceTree = "<group>"; };
		7439ABAF265FB9460042B7A5 /* Preview Assets.xcassets */ = {isa = PBXFileReference; lastKnownFileType = folder.assetcatalog; path = "Preview Assets.xcassets"; sourceTree = "<group>"; };
		7439ABB1265FB9460042B7A5 /* Info.plist */ = {isa = PBXFileReference; lastKnownFileType = text.plist.xml; path = Info.plist; sourceTree = "<group>"; };
		7439ABB6265FB9460042B7A5 /* LandmarksTests.xctest */ = {isa = PBXFileReference; explicitFileType = wrapper.cfbundle; includeInIndex = 0; path = LandmarksTests.xctest; sourceTree = BUILT_PRODUCTS_DIR; };
		7439ABBA265FB9460042B7A5 /* LandmarksTests.swift */ = {isa = PBXFileReference; lastKnownFileType = sourcecode.swift; path = LandmarksTests.swift; sourceTree = "<group>"; };
		7439ABBC265FB9460042B7A5 /* Info.plist */ = {isa = PBXFileReference; lastKnownFileType = text.plist.xml; path = Info.plist; sourceTree = "<group>"; };
		7439ABC1265FB9460042B7A5 /* LandmarksUITests.xctest */ = {isa = PBXFileReference; explicitFileType = wrapper.cfbundle; includeInIndex = 0; path = LandmarksUITests.xctest; sourceTree = BUILT_PRODUCTS_DIR; };
		7439ABC5265FB9460042B7A5 /* LandmarksUITests.swift */ = {isa = PBXFileReference; lastKnownFileType = sourcecode.swift; path = LandmarksUITests.swift; sourceTree = "<group>"; };
		7439ABC7265FB9460042B7A5 /* Info.plist */ = {isa = PBXFileReference; lastKnownFileType = text.plist.xml; path = Info.plist; sourceTree = "<group>"; };
		7439ABD32661C1130042B7A5 /* CircleImage.swift */ = {isa = PBXFileReference; lastKnownFileType = sourcecode.swift; path = CircleImage.swift; sourceTree = "<group>"; };
		7439ABD52661CC240042B7A5 /* MapView.swift */ = {isa = PBXFileReference; lastKnownFileType = sourcecode.swift; path = MapView.swift; sourceTree = "<group>"; };
		7439ABD726628BA90042B7A5 /* landmarkData.json */ = {isa = PBXFileReference; fileEncoding = 4; lastKnownFileType = text.json; path = landmarkData.json; sourceTree = "<group>"; };
		7439ABD926628BEA0042B7A5 /* Landmark.swift */ = {isa = PBXFileReference; lastKnownFileType = sourcecode.swift; path = Landmark.swift; sourceTree = "<group>"; };
		7439ABDB2662907A0042B7A5 /* ModelData.swift */ = {isa = PBXFileReference; lastKnownFileType = sourcecode.swift; path = ModelData.swift; sourceTree = "<group>"; };
		7439ABE0266294840042B7A5 /* LandmarkRow.swift */ = {isa = PBXFileReference; lastKnownFileType = sourcecode.swift; path = LandmarkRow.swift; sourceTree = "<group>"; };
		7439ABE22662990E0042B7A5 /* LandmarkList.swift */ = {isa = PBXFileReference; lastKnownFileType = sourcecode.swift; path = LandmarkList.swift; sourceTree = "<group>"; };
		7439ABE426629C300042B7A5 /* LandmarkDetail.swift */ = {isa = PBXFileReference; lastKnownFileType = sourcecode.swift; path = LandmarkDetail.swift; sourceTree = "<group>"; };
/* End PBXFileReference section */

/* Begin PBXFrameworksBuildPhase section */
		7439ABA2265FB9430042B7A5 /* Frameworks */ = {
			isa = PBXFrameworksBuildPhase;
			buildActionMask = 2147483647;
			files = (
			);
			runOnlyForDeploymentPostprocessing = 0;
		};
		7439ABB3265FB9460042B7A5 /* Frameworks */ = {
			isa = PBXFrameworksBuildPhase;
			buildActionMask = 2147483647;
			files = (
			);
			runOnlyForDeploymentPostprocessing = 0;
		};
		7439ABBE265FB9460042B7A5 /* Frameworks */ = {
			isa = PBXFrameworksBuildPhase;
			buildActionMask = 2147483647;
			files = (
			);
			runOnlyForDeploymentPostprocessing = 0;
		};
/* End PBXFrameworksBuildPhase section */

/* Begin PBXGroup section */
		7439AB9C265FB9430042B7A5 = {
			isa = PBXGroup;
			children = (
				7439ABA7265FB9430042B7A5 /* Landmarks */,
				7439ABB9265FB9460042B7A5 /* LandmarksTests */,
				7439ABC4265FB9460042B7A5 /* LandmarksUITests */,
				7439ABA6265FB9430042B7A5 /* Products */,
			);
			sourceTree = "<group>";
		};
		7439ABA6265FB9430042B7A5 /* Products */ = {
			isa = PBXGroup;
			children = (
				7439ABA5265FB9430042B7A5 /* Landmarks.app */,
				7439ABB6265FB9460042B7A5 /* LandmarksTests.xctest */,
				7439ABC1265FB9460042B7A5 /* LandmarksUITests.xctest */,
			);
			name = Products;
			sourceTree = "<group>";
		};
		7439ABA7265FB9430042B7A5 /* Landmarks */ = {
			isa = PBXGroup;
			children = (
				7439ABA8265FB9430042B7A5 /* LandmarksApp.swift */,
				7439ABDE266293CA0042B7A5 /* Views */,
				7439ABDF266293F20042B7A5 /* Model */,
				7439ABDD266293BA0042B7A5 /* Resources */,
				7439ABAC265FB9460042B7A5 /* Assets.xcassets */,
				7439ABB1265FB9460042B7A5 /* Info.plist */,
				7439ABAE265FB9460042B7A5 /* Preview Content */,
			);
			path = Landmarks;
			sourceTree = "<group>";
		};
		7439ABAE265FB9460042B7A5 /* Preview Content */ = {
			isa = PBXGroup;
			children = (
				7439ABAF265FB9460042B7A5 /* Preview Assets.xcassets */,
			);
			path = "Preview Content";
			sourceTree = "<group>";
		};
		7439ABB9265FB9460042B7A5 /* LandmarksTests */ = {
			isa = PBXGroup;
			children = (
				7439ABBA265FB9460042B7A5 /* LandmarksTests.swift */,
				7439ABBC265FB9460042B7A5 /* Info.plist */,
			);
			path = LandmarksTests;
			sourceTree = "<group>";
		};
		7439ABC4265FB9460042B7A5 /* LandmarksUITests */ = {
			isa = PBXGroup;
			children = (
				7439ABC5265FB9460042B7A5 /* LandmarksUITests.swift */,
				7439ABC7265FB9460042B7A5 /* Info.plist */,
			);
			path = LandmarksUITests;
			sourceTree = "<group>";
		};
		7439ABDD266293BA0042B7A5 /* Resources */ = {
			isa = PBXGroup;
			children = (
				7439ABD726628BA90042B7A5 /* landmarkData.json */,
			);
			path = Resources;
			sourceTree = "<group>";
		};
		7439ABDE266293CA0042B7A5 /* Views */ = {
			isa = PBXGroup;
			children = (
				7439ABAA265FB9430042B7A5 /* ContentView.swift */,
				7439ABD32661C1130042B7A5 /* CircleImage.swift */,
				7439ABD52661CC240042B7A5 /* MapView.swift */,
				7439ABE0266294840042B7A5 /* LandmarkRow.swift */,
				7439ABE22662990E0042B7A5 /* LandmarkList.swift */,
				7439ABE426629C300042B7A5 /* LandmarkDetail.swift */,
			);
			path = Views;
			sourceTree = "<group>";
		};
		7439ABDF266293F20042B7A5 /* Model */ = {
			isa = PBXGroup;
			children = (
				7439ABD926628BEA0042B7A5 /* Landmark.swift */,
				7439ABDB2662907A0042B7A5 /* ModelData.swift */,
			);
			path = Model;
			sourceTree = "<group>";
		};
/* End PBXGroup section */

/* Begin PBXNativeTarget section */
		7439ABA4265FB9430042B7A5 /* Landmarks */ = {
			isa = PBXNativeTarget;
			buildConfigurationList = 7439ABCA265FB9460042B7A5 /* Build configuration list for PBXNativeTarget "Landmarks" */;
			buildPhases = (
				7439ABA1265FB9430042B7A5 /* Sources */,
				7439ABA2265FB9430042B7A5 /* Frameworks */,
				7439ABA3265FB9430042B7A5 /* Resources */,
			);
			buildRules = (
			);
			dependencies = (
			);
			name = Landmarks;
			productName = Landmarks;
			productReference = 7439ABA5265FB9430042B7A5 /* Landmarks.app */;
			productType = "com.apple.product-type.application";
		};
		7439ABB5265FB9460042B7A5 /* LandmarksTests */ = {
			isa = PBXNativeTarget;
			buildConfigurationList = 7439ABCD265FB9470042B7A5 /* Build configuration list for PBXNativeTarget "LandmarksTests" */;
			buildPhases = (
				7439ABB2265FB9460042B7A5 /* Sources */,
				7439ABB3265FB9460042B7A5 /* Frameworks */,
				7439ABB4265FB9460042B7A5 /* Resources */,
			);
			buildRules = (
			);
			dependencies = (
				7439ABB8265FB9460042B7A5 /* PBXTargetDependency */,
			);
			name = LandmarksTests;
			productName = LandmarksTests;
			productReference = 7439ABB6265FB9460042B7A5 /* LandmarksTests.xctest */;
			productType = "com.apple.product-type.bundle.unit-test";
		};
		7439ABC0265FB9460042B7A5 /* LandmarksUITests */ = {
			isa = PBXNativeTarget;
			buildConfigurationList = 7439ABD0265FB9470042B7A5 /* Build configuration list for PBXNativeTarget "LandmarksUITests" */;
			buildPhases = (
				7439ABBD265FB9460042B7A5 /* Sources */,
				7439ABBE265FB9460042B7A5 /* Frameworks */,
				7439ABBF265FB9460042B7A5 /* Resources */,
			);
			buildRules = (
			);
			dependencies = (
				7439ABC3265FB9460042B7A5 /* PBXTargetDependency */,
			);
			name = LandmarksUITests;
			productName = LandmarksUITests;
			productReference = 7439ABC1265FB9460042B7A5 /* LandmarksUITests.xctest */;
			productType = "com.apple.product-type.bundle.ui-testing";
		};
/* End PBXNativeTarget section */

/* Begin PBXProject section */
		7439AB9D265FB9430042B7A5 /* Project object */ = {
			isa = PBXProject;
			attributes = {
				LastSwiftUpdateCheck = 1250;
				LastUpgradeCheck = 1250;
				TargetAttributes = {
					7439ABA4265FB9430042B7A5 = {
						CreatedOnToolsVersion = 12.5;
					};
					7439ABB5265FB9460042B7A5 = {
						CreatedOnToolsVersion = 12.5;
						TestTargetID = 7439ABA4265FB9430042B7A5;
					};
					7439ABC0265FB9460042B7A5 = {
						CreatedOnToolsVersion = 12.5;
						TestTargetID = 7439ABA4265FB9430042B7A5;
					};
				};
			};
			buildConfigurationList = 7439ABA0265FB9430042B7A5 /* Build configuration list for PBXProject "Landmarks" */;
			compatibilityVersion = "Xcode 9.3";
			developmentRegion = en;
			hasScannedForEncodings = 0;
			knownRegions = (
				en,
				Base,
			);
			mainGroup = 7439AB9C265FB9430042B7A5;
			productRefGroup = 7439ABA6265FB9430042B7A5 /* Products */;
			projectDirPath = "";
			projectRoot = "";
			targets = (
				7439ABA4265FB9430042B7A5 /* Landmarks */,
				7439ABB5265FB9460042B7A5 /* LandmarksTests */,
				7439ABC0265FB9460042B7A5 /* LandmarksUITests */,
			);
		};
/* End PBXProject section */

/* Begin PBXResourcesBuildPhase section */
		7439ABA3265FB9430042B7A5 /* Resources */ = {
			isa = PBXResourcesBuildPhase;
			buildActionMask = 2147483647;
			files = (
				7439ABB0265FB9460042B7A5 /* Preview Assets.xcassets in Resources */,
				7439ABAD265FB9460042B7A5 /* Assets.xcassets in Resources */,
				7439ABD826628BA90042B7A5 /* landmarkData.json in Resources */,
			);
			runOnlyForDeploymentPostprocessing = 0;
		};
		7439ABB4265FB9460042B7A5 /* Resources */ = {
			isa = PBXResourcesBuildPhase;
			buildActionMask = 2147483647;
			files = (
			);
			runOnlyForDeploymentPostprocessing = 0;
		};
		7439ABBF265FB9460042B7A5 /* Resources */ = {
			isa = PBXResourcesBuildPhase;
			buildActionMask = 2147483647;
			files = (
			);
			runOnlyForDeploymentPostprocessing = 0;
		};
/* End PBXResourcesBuildPhase section */

/* Begin PBXSourcesBuildPhase section */
		7439ABA1265FB9430042B7A5 /* Sources */ = {
			isa = PBXSourcesBuildPhase;
			buildActionMask = 2147483647;
			files = (
				7439ABAB265FB9430042B7A5 /* ContentView.swift in Sources */,
				7439ABD62661CC240042B7A5 /* MapView.swift in Sources */,
				7439ABA9265FB9430042B7A5 /* LandmarksApp.swift in Sources */,
				7439ABE32662990E0042B7A5 /* LandmarkList.swift in Sources */,
				7439ABE526629C300042B7A5 /* LandmarkDetail.swift in Sources */,
				7439ABD42661C1130042B7A5 /* CircleImage.swift in Sources */,
				7439ABDA26628BEA0042B7A5 /* Landmark.swift in Sources */,
				7439ABE1266294840042B7A5 /* LandmarkRow.swift in Sources */,
				7439ABDC2662907A0042B7A5 /* ModelData.swift in Sources */,
			);
			runOnlyForDeploymentPostprocessing = 0;
		};
		7439ABB2265FB9460042B7A5 /* Sources */ = {
			isa = PBXSourcesBuildPhase;
			buildActionMask = 2147483647;
			files = (
				7439ABBB265FB9460042B7A5 /* LandmarksTests.swift in Sources */,
			);
			runOnlyForDeploymentPostprocessing = 0;
		};
		7439ABBD265FB9460042B7A5 /* Sources */ = {
			isa = PBXSourcesBuildPhase;
			buildActionMask = 2147483647;
			files = (
				7439ABC6265FB9460042B7A5 /* LandmarksUITests.swift in Sources */,
			);
			runOnlyForDeploymentPostprocessing = 0;
		};
/* End PBXSourcesBuildPhase section */

/* Begin PBXTargetDependency section */
		7439ABB8265FB9460042B7A5 /* PBXTargetDependency */ = {
			isa = PBXTargetDependency;
			target = 7439ABA4265FB9430042B7A5 /* Landmarks */;
			targetProxy = 7439ABB7265FB9460042B7A5 /* PBXContainerItemProxy */;
		};
		7439ABC3265FB9460042B7A5 /* PBXTargetDependency */ = {
			isa = PBXTargetDependency;
			target = 7439ABA4265FB9430042B7A5 /* Landmarks */;
			targetProxy = 7439ABC2265FB9460042B7A5 /* PBXContainerItemProxy */;
		};
/* End PBXTargetDependency section */

/* Begin XCBuildConfiguration section */
		7439ABC8265FB9460042B7A5 /* Debug */ = {
			isa = XCBuildConfiguration;
			buildSettings = {
				ALWAYS_SEARCH_USER_PATHS = NO;
				CLANG_ANALYZER_NONNULL = YES;
				CLANG_ANALYZER_NUMBER_OBJECT_CONVERSION = YES_AGGRESSIVE;
				CLANG_CXX_LANGUAGE_STANDARD = "gnu++14";
				CLANG_CXX_LIBRARY = "libc++";
				CLANG_ENABLE_MODULES = YES;
				CLANG_ENABLE_OBJC_ARC = YES;
				CLANG_ENABLE_OBJC_WEAK = YES;
				CLANG_WARN_BLOCK_CAPTURE_AUTORELEASING = YES;
				CLANG_WARN_BOOL_CONVERSION = YES;
				CLANG_WARN_COMMA = YES;
				CLANG_WARN_CONSTANT_CONVERSION = YES;
				CLANG_WARN_DEPRECATED_OBJC_IMPLEMENTATIONS = YES;
				CLANG_WARN_DIRECT_OBJC_ISA_USAGE = YES_ERROR;
				CLANG_WARN_DOCUMENTATION_COMMENTS = YES;
				CLANG_WARN_EMPTY_BODY = YES;
				CLANG_WARN_ENUM_CONVERSION = YES;
				CLANG_WARN_INFINITE_RECURSION = YES;
				CLANG_WARN_INT_CONVERSION = YES;
				CLANG_WARN_NON_LITERAL_NULL_CONVERSION = YES;
				CLANG_WARN_OBJC_IMPLICIT_RETAIN_SELF = YES;
				CLANG_WARN_OBJC_LITERAL_CONVERSION = YES;
				CLANG_WARN_OBJC_ROOT_CLASS = YES_ERROR;
				CLANG_WARN_QUOTED_INCLUDE_IN_FRAMEWORK_HEADER = YES;
				CLANG_WARN_RANGE_LOOP_ANALYSIS = YES;
				CLANG_WARN_STRICT_PROTOTYPES = YES;
				CLANG_WARN_SUSPICIOUS_MOVE = YES;
				CLANG_WARN_UNGUARDED_AVAILABILITY = YES_AGGRESSIVE;
				CLANG_WARN_UNREACHABLE_CODE = YES;
				CLANG_WARN__DUPLICATE_METHOD_MATCH = YES;
				COPY_PHASE_STRIP = NO;
				DEBUG_INFORMATION_FORMAT = dwarf;
				ENABLE_STRICT_OBJC_MSGSEND = YES;
				ENABLE_TESTABILITY = YES;
				GCC_C_LANGUAGE_STANDARD = gnu11;
				GCC_DYNAMIC_NO_PIC = NO;
				GCC_NO_COMMON_BLOCKS = YES;
				GCC_OPTIMIZATION_LEVEL = 0;
				GCC_PREPROCESSOR_DEFINITIONS = (
					"DEBUG=1",
					"$(inherited)",
				);
				GCC_WARN_64_TO_32_BIT_CONVERSION = YES;
				GCC_WARN_ABOUT_RETURN_TYPE = YES_ERROR;
				GCC_WARN_UNDECLARED_SELECTOR = YES;
				GCC_WARN_UNINITIALIZED_AUTOS = YES_AGGRESSIVE;
				GCC_WARN_UNUSED_FUNCTION = YES;
				GCC_WARN_UNUSED_VARIABLE = YES;
				IPHONEOS_DEPLOYMENT_TARGET = 14.5;
				MTL_ENABLE_DEBUG_INFO = INCLUDE_SOURCE;
				MTL_FAST_MATH = YES;
				ONLY_ACTIVE_ARCH = YES;
				SDKROOT = iphoneos;
				SWIFT_ACTIVE_COMPILATION_CONDITIONS = DEBUG;
				SWIFT_OPTIMIZATION_LEVEL = "-Onone";
			};
			name = Debug;
		};
		7439ABC9265FB9460042B7A5 /* Release */ = {
			isa = XCBuildConfiguration;
			buildSettings = {
				ALWAYS_SEARCH_USER_PATHS = NO;
				CLANG_ANALYZER_NONNULL = YES;
				CLANG_ANALYZER_NUMBER_OBJECT_CONVERSION = YES_AGGRESSIVE;
				CLANG_CXX_LANGUAGE_STANDARD = "gnu++14";
				CLANG_CXX_LIBRARY = "libc++";
				CLANG_ENABLE_MODULES = YES;
				CLANG_ENABLE_OBJC_ARC = YES;
				CLANG_ENABLE_OBJC_WEAK = YES;
				CLANG_WARN_BLOCK_CAPTURE_AUTORELEASING = YES;
				CLANG_WARN_BOOL_CONVERSION = YES;
				CLANG_WARN_COMMA = YES;
				CLANG_WARN_CONSTANT_CONVERSION = YES;
				CLANG_WARN_DEPRECATED_OBJC_IMPLEMENTATIONS = YES;
				CLANG_WARN_DIRECT_OBJC_ISA_USAGE = YES_ERROR;
				CLANG_WARN_DOCUMENTATION_COMMENTS = YES;
				CLANG_WARN_EMPTY_BODY = YES;
				CLANG_WARN_ENUM_CONVERSION = YES;
				CLANG_WARN_INFINITE_RECURSION = YES;
				CLANG_WARN_INT_CONVERSION = YES;
				CLANG_WARN_NON_LITERAL_NULL_CONVERSION = YES;
				CLANG_WARN_OBJC_IMPLICIT_RETAIN_SELF = YES;
				CLANG_WARN_OBJC_LITERAL_CONVERSION = YES;
				CLANG_WARN_OBJC_ROOT_CLASS = YES_ERROR;
				CLANG_WARN_QUOTED_INCLUDE_IN_FRAMEWORK_HEADER = YES;
				CLANG_WARN_RANGE_LOOP_ANALYSIS = YES;
				CLANG_WARN_STRICT_PROTOTYPES = YES;
				CLANG_WARN_SUSPICIOUS_MOVE = YES;
				CLANG_WARN_UNGUARDED_AVAILABILITY = YES_AGGRESSIVE;
				CLANG_WARN_UNREACHABLE_CODE = YES;
				CLANG_WARN__DUPLICATE_METHOD_MATCH = YES;
				COPY_PHASE_STRIP = NO;
				DEBUG_INFORMATION_FORMAT = "dwarf-with-dsym";
				ENABLE_NS_ASSERTIONS = NO;
				ENABLE_STRICT_OBJC_MSGSEND = YES;
				GCC_C_LANGUAGE_STANDARD = gnu11;
				GCC_NO_COMMON_BLOCKS = YES;
				GCC_WARN_64_TO_32_BIT_CONVERSION = YES;
				GCC_WARN_ABOUT_RETURN_TYPE = YES_ERROR;
				GCC_WARN_UNDECLARED_SELECTOR = YES;
				GCC_WARN_UNINITIALIZED_AUTOS = YES_AGGRESSIVE;
				GCC_WARN_UNUSED_FUNCTION = YES;
				GCC_WARN_UNUSED_VARIABLE = YES;
				IPHONEOS_DEPLOYMENT_TARGET = 14.5;
				MTL_ENABLE_DEBUG_INFO = NO;
				MTL_FAST_MATH = YES;
				SDKROOT = iphoneos;
				SWIFT_COMPILATION_MODE = wholemodule;
				SWIFT_OPTIMIZATION_LEVEL = "-O";
				VALIDATE_PRODUCT = YES;
			};
			name = Release;
		};
		7439ABCB265FB9460042B7A5 /* Debug */ = {
			isa = XCBuildConfiguration;
			buildSettings = {
				ASSETCATALOG_COMPILER_APPICON_NAME = AppIcon;
				ASSETCATALOG_COMPILER_GLOBAL_ACCENT_COLOR_NAME = AccentColor;
				CODE_SIGN_STYLE = Automatic;
				DEVELOPMENT_ASSET_PATHS = "\"Landmarks/Preview Content\"";
				DEVELOPMENT_TEAM = 3286JGSS42;
				ENABLE_PREVIEWS = YES;
				INFOPLIST_FILE = Landmarks/Info.plist;
				IPHONEOS_DEPLOYMENT_TARGET = 14.0;
				LD_RUNPATH_SEARCH_PATHS = (
					"$(inherited)",
					"@executable_path/Frameworks",
				);
				PRODUCT_BUNDLE_IDENTIFIER = YetiMark.Landmarks;
				PRODUCT_NAME = "$(TARGET_NAME)";
				SWIFT_VERSION = 5.0;
				TARGETED_DEVICE_FAMILY = "1,2";
			};
			name = Debug;
		};
		7439ABCC265FB9460042B7A5 /* Release */ = {
			isa = XCBuildConfiguration;
			buildSettings = {
				ASSETCATALOG_COMPILER_APPICON_NAME = AppIcon;
				ASSETCATALOG_COMPILER_GLOBAL_ACCENT_COLOR_NAME = AccentColor;
				CODE_SIGN_STYLE = Automatic;
				DEVELOPMENT_ASSET_PATHS = "\"Landmarks/Preview Content\"";
				DEVELOPMENT_TEAM = 3286JGSS42;
				ENABLE_PREVIEWS = YES;
				INFOPLIST_FILE = Landmarks/Info.plist;
				IPHONEOS_DEPLOYMENT_TARGET = 14.0;
				LD_RUNPATH_SEARCH_PATHS = (
					"$(inherited)",
					"@executable_path/Frameworks",
				);
				PRODUCT_BUNDLE_IDENTIFIER = YetiMark.Landmarks;
				PRODUCT_NAME = "$(TARGET_NAME)";
				SWIFT_VERSION = 5.0;
				TARGETED_DEVICE_FAMILY = "1,2";
			};
			name = Release;
		};
		7439ABCE265FB9470042B7A5 /* Debug */ = {
			isa = XCBuildConfiguration;
			buildSettings = {
				ALWAYS_EMBED_SWIFT_STANDARD_LIBRARIES = YES;
				BUNDLE_LOADER = "$(TEST_HOST)";
				CODE_SIGN_STYLE = Automatic;
				DEVELOPMENT_TEAM = 3286JGSS42;
				INFOPLIST_FILE = LandmarksTests/Info.plist;
				IPHONEOS_DEPLOYMENT_TARGET = 14.0;
				LD_RUNPATH_SEARCH_PATHS = (
					"$(inherited)",
					"@executable_path/Frameworks",
					"@loader_path/Frameworks",
				);
				PRODUCT_BUNDLE_IDENTIFIER = YetiMark.LandmarksTests;
				PRODUCT_NAME = "$(TARGET_NAME)";
				SWIFT_VERSION = 5.0;
				TARGETED_DEVICE_FAMILY = "1,2";
				TEST_HOST = "$(BUILT_PRODUCTS_DIR)/Landmarks.app/Landmarks";
			};
			name = Debug;
		};
		7439ABCF265FB9470042B7A5 /* Release */ = {
			isa = XCBuildConfiguration;
			buildSettings = {
				ALWAYS_EMBED_SWIFT_STANDARD_LIBRARIES = YES;
				BUNDLE_LOADER = "$(TEST_HOST)";
				CODE_SIGN_STYLE = Automatic;
				DEVELOPMENT_TEAM = 3286JGSS42;
				INFOPLIST_FILE = LandmarksTests/Info.plist;
				IPHONEOS_DEPLOYMENT_TARGET = 14.0;
				LD_RUNPATH_SEARCH_PATHS = (
					"$(inherited)",
					"@executable_path/Frameworks",
					"@loader_path/Frameworks",
				);
				PRODUCT_BUNDLE_IDENTIFIER = YetiMark.LandmarksTests;
				PRODUCT_NAME = "$(TARGET_NAME)";
				SWIFT_VERSION = 5.0;
				TARGETED_DEVICE_FAMILY = "1,2";
				TEST_HOST = "$(BUILT_PRODUCTS_DIR)/Landmarks.app/Landmarks";
			};
			name = Release;
		};
		7439ABD1265FB9470042B7A5 /* Debug */ = {
			isa = XCBuildConfiguration;
			buildSettings = {
				ALWAYS_EMBED_SWIFT_STANDARD_LIBRARIES = YES;
				CODE_SIGN_STYLE = Automatic;
				DEVELOPMENT_TEAM = 3286JGSS42;
				INFOPLIST_FILE = LandmarksUITests/Info.plist;
				LD_RUNPATH_SEARCH_PATHS = (
					"$(inherited)",
					"@executable_path/Frameworks",
					"@loader_path/Frameworks",
				);
				PRODUCT_BUNDLE_IDENTIFIER = YetiMark.LandmarksUITests;
				PRODUCT_NAME = "$(TARGET_NAME)";
				SWIFT_VERSION = 5.0;
				TARGETED_DEVICE_FAMILY = "1,2";
				TEST_TARGET_NAME = Landmarks;
			};
			name = Debug;
		};
		7439ABD2265FB9470042B7A5 /* Release */ = {
			isa = XCBuildConfiguration;
			buildSettings = {
				ALWAYS_EMBED_SWIFT_STANDARD_LIBRARIES = YES;
				CODE_SIGN_STYLE = Automatic;
				DEVELOPMENT_TEAM = 3286JGSS42;
				INFOPLIST_FILE = LandmarksUITests/Info.plist;
				LD_RUNPATH_SEARCH_PATHS = (
					"$(inherited)",
					"@executable_path/Frameworks",
					"@loader_path/Frameworks",
				);
				PRODUCT_BUNDLE_IDENTIFIER = YetiMark.LandmarksUITests;
				PRODUCT_NAME = "$(TARGET_NAME)";
				SWIFT_VERSION = 5.0;
				TARGETED_DEVICE_FAMILY = "1,2";
				TEST_TARGET_NAME = Landmarks;
			};
			name = Release;
		};
/* End XCBuildConfiguration section */

/* Begin XCConfigurationList section */
		7439ABA0265FB9430042B7A5 /* Build configuration list for PBXProject "Landmarks" */ = {
			isa = XCConfigurationList;
			buildConfigurations = (
				7439ABC8265FB9460042B7A5 /* Debug */,
				7439ABC9265FB9460042B7A5 /* Release */,
			);
			defaultConfigurationIsVisible = 0;
			defaultConfigurationName = Release;
		};
		7439ABCA265FB9460042B7A5 /* Build configuration list for PBXNativeTarget "Landmarks" */ = {
			isa = XCConfigurationList;
			buildConfigurations = (
				7439ABCB265FB9460042B7A5 /* Debug */,
				7439ABCC265FB9460042B7A5 /* Release */,
			);
			defaultConfigurationIsVisible = 0;
			defaultConfigurationName = Release;
		};
		7439ABCD265FB9470042B7A5 /* Build configuration list for PBXNativeTarget "LandmarksTests" */ = {
			isa = XCConfigurationList;
			buildConfigurations = (
				7439ABCE265FB9470042B7A5 /* Debug */,
				7439ABCF265FB9470042B7A5 /* Release */,
			);
			defaultConfigurationIsVisible = 0;
			defaultConfigurationName = Release;
		};
		7439ABD0265FB9470042B7A5 /* Build configuration list for PBXNativeTarget "LandmarksUITests" */ = {
			isa = XCConfigurationList;
			buildConfigurations = (
				7439ABD1265FB9470042B7A5 /* Debug */,
				7439ABD2265FB9470042B7A5 /* Release */,
			);
			defaultConfigurationIsVisible = 0;
			defaultConfigurationName = Release;
		};
/* End XCConfigurationList section */
	};
	rootObject = 7439AB9D265FB9430042B7A5 /* Project object */;
}
